// !$*UTF8*$!
{
	archiveVersion = 1;
	classes = {
	};
	objectVersion = 46;
	objects = {

/* Begin PBXBuildFile section */
		0091D8F90E81B9330029341E /* OpenGL.framework in Frameworks */ = {isa = PBXBuildFile; fileRef = 0091D8F80E81B9330029341E /* OpenGL.framework */; };
		0097E3E50F3E9819005A4392 /* QuickTime.framework in Frameworks */ = {isa = PBXBuildFile; fileRef = 0097E3E40F3E9819005A4392 /* QuickTime.framework */; };
		00B784B30FF439BC000DE1D7 /* Accelerate.framework in Frameworks */ = {isa = PBXBuildFile; fileRef = 00B784AF0FF439BC000DE1D7 /* Accelerate.framework */; };
		00B784B40FF439BC000DE1D7 /* AudioToolbox.framework in Frameworks */ = {isa = PBXBuildFile; fileRef = 00B784B00FF439BC000DE1D7 /* AudioToolbox.framework */; };
		00B784B50FF439BC000DE1D7 /* AudioUnit.framework in Frameworks */ = {isa = PBXBuildFile; fileRef = 00B784B10FF439BC000DE1D7 /* AudioUnit.framework */; };
		00B784B60FF439BC000DE1D7 /* CoreAudio.framework in Frameworks */ = {isa = PBXBuildFile; fileRef = 00B784B20FF439BC000DE1D7 /* CoreAudio.framework */; };
		00BAE65A0E7ED9C10018A608 /* EarthTrackballApp.cpp in Sources */ = {isa = PBXBuildFile; fileRef = 00BAE6590E7ED9C10018A608 /* EarthTrackballApp.cpp */; };
		00CCAF15116A9FEE008396D5 /* CinderApp.icns in Resources */ = {isa = PBXBuildFile; fileRef = 00CCAF14116A9FEE008396D5 /* CinderApp.icns */; };
		5323E6B20EAFCA74003A9687 /* CoreVideo.framework in Frameworks */ = {isa = PBXBuildFile; fileRef = 5323E6B10EAFCA74003A9687 /* CoreVideo.framework */; };
		5323E6B60EAFCA7E003A9687 /* QTKit.framework in Frameworks */ = {isa = PBXBuildFile; fileRef = 5323E6B50EAFCA7E003A9687 /* QTKit.framework */; };
		53E3CDFC0E86099300238D2B /* Carbon.framework in Frameworks */ = {isa = PBXBuildFile; fileRef = 53E3CDFB0E86099300238D2B /* Carbon.framework */; };
		8D11072F0486CEB800E47090 /* Cocoa.framework in Frameworks */ = {isa = PBXBuildFile; fileRef = 1058C7A1FEA54F0111CA2CBB /* Cocoa.framework */; };
		CE0886F015D0DF2900C86223 /* AppTouch.cpp in Sources */ = {isa = PBXBuildFile; fileRef = CE0886E915D0DF2900C86223 /* AppTouch.cpp */; };
		CE0886F115D0DF2900C86223 /* Card.cpp in Sources */ = {isa = PBXBuildFile; fileRef = CE0886EA15D0DF2900C86223 /* Card.cpp */; };
		CE0886F215D0DF2900C86223 /* PivotRenderer.cpp in Sources */ = {isa = PBXBuildFile; fileRef = CE0886EB15D0DF2900C86223 /* PivotRenderer.cpp */; };
		CE0886F315D0DF2900C86223 /* TouchObject.cpp in Sources */ = {isa = PBXBuildFile; fileRef = CE0886EC15D0DF2900C86223 /* TouchObject.cpp */; };
		CE0886F415D0DF2900C86223 /* TouchPivot.cpp in Sources */ = {isa = PBXBuildFile; fileRef = CE0886ED15D0DF2900C86223 /* TouchPivot.cpp */; };
		CE0886F515D0DF2900C86223 /* Trackball.cpp in Sources */ = {isa = PBXBuildFile; fileRef = CE0886EE15D0DF2900C86223 /* Trackball.cpp */; };
		CE0886F615D0DF2900C86223 /* Trackball3D.cpp in Sources */ = {isa = PBXBuildFile; fileRef = CE0886EF15D0DF2900C86223 /* Trackball3D.cpp */; };
		CE2FF69015BD04D4006F570F /* Earth.cpp in Sources */ = {isa = PBXBuildFile; fileRef = CE2FF68A15BD04D4006F570F /* Earth.cpp */; };
		CE2FF69115BD04D4006F570F /* POV.cpp in Sources */ = {isa = PBXBuildFile; fileRef = CE2FF68C15BD04D4006F570F /* POV.cpp */; };
		CE2FF69215BD04D4006F570F /* Quake.cpp in Sources */ = {isa = PBXBuildFile; fileRef = CE2FF68E15BD04D4006F570F /* Quake.cpp */; };
		CE2FF6BD15BD1905006F570F /* earth_frag.glsl in Resources */ = {isa = PBXBuildFile; fileRef = CE2FF6B415BD1904006F570F /* earth_frag.glsl */; };
		CE2FF6BE15BD1905006F570F /* earthDiffuse.png in Resources */ = {isa = PBXBuildFile; fileRef = CE2FF6B515BD1904006F570F /* earthDiffuse.png */; };
		CE2FF6BF15BD1905006F570F /* earthMask.png in Resources */ = {isa = PBXBuildFile; fileRef = CE2FF6B615BD1904006F570F /* earthMask.png */; };
		CE2FF6C015BD1905006F570F /* earthNormal.png in Resources */ = {isa = PBXBuildFile; fileRef = CE2FF6B715BD1904006F570F /* earthNormal.png */; };
		CE2FF6C115BD1905006F570F /* passThru_vert.glsl in Resources */ = {isa = PBXBuildFile; fileRef = CE2FF6B815BD1904006F570F /* passThru_vert.glsl */; };
		CE2FF6C215BD1905006F570F /* quake_frag.glsl in Resources */ = {isa = PBXBuildFile; fileRef = CE2FF6B915BD1904006F570F /* quake_frag.glsl */; };
		CE2FF6C315BD1905006F570F /* quake_vert.glsl in Resources */ = {isa = PBXBuildFile; fileRef = CE2FF6BA15BD1904006F570F /* quake_vert.glsl */; };
		CE2FF6C515BD1905006F570F /* stars.png in Resources */ = {isa = PBXBuildFile; fileRef = CE2FF6BC15BD1904006F570F /* stars.png */; };
/* End PBXBuildFile section */

/* Begin PBXFileReference section */
		0091D8F80E81B9330029341E /* OpenGL.framework */ = {isa = PBXFileReference; lastKnownFileType = wrapper.framework; name = OpenGL.framework; path = /System/Library/Frameworks/OpenGL.framework; sourceTree = "<absolute>"; };
		0097E3E40F3E9819005A4392 /* QuickTime.framework */ = {isa = PBXFileReference; lastKnownFileType = wrapper.framework; name = QuickTime.framework; path = /System/Library/Frameworks/QuickTime.framework; sourceTree = "<absolute>"; };
		00B784AF0FF439BC000DE1D7 /* Accelerate.framework */ = {isa = PBXFileReference; lastKnownFileType = wrapper.framework; name = Accelerate.framework; path = System/Library/Frameworks/Accelerate.framework; sourceTree = SDKROOT; };
		00B784B00FF439BC000DE1D7 /* AudioToolbox.framework */ = {isa = PBXFileReference; lastKnownFileType = wrapper.framework; name = AudioToolbox.framework; path = System/Library/Frameworks/AudioToolbox.framework; sourceTree = SDKROOT; };
		00B784B10FF439BC000DE1D7 /* AudioUnit.framework */ = {isa = PBXFileReference; lastKnownFileType = wrapper.framework; name = AudioUnit.framework; path = System/Library/Frameworks/AudioUnit.framework; sourceTree = SDKROOT; };
		00B784B20FF439BC000DE1D7 /* CoreAudio.framework */ = {isa = PBXFileReference; lastKnownFileType = wrapper.framework; name = CoreAudio.framework; path = System/Library/Frameworks/CoreAudio.framework; sourceTree = SDKROOT; };
		00BAE6590E7ED9C10018A608 /* EarthTrackballApp.cpp */ = {isa = PBXFileReference; fileEncoding = 4; lastKnownFileType = sourcecode.cpp.cpp; name = EarthTrackballApp.cpp; path = ../src/EarthTrackballApp.cpp; sourceTree = SOURCE_ROOT; };
		00CCAF14116A9FEE008396D5 /* CinderApp.icns */ = {isa = PBXFileReference; lastKnownFileType = image.icns; name = CinderApp.icns; path = ../resources/CinderApp.icns; sourceTree = SOURCE_ROOT; };
		1058C7A1FEA54F0111CA2CBB /* Cocoa.framework */ = {isa = PBXFileReference; lastKnownFileType = wrapper.framework; name = Cocoa.framework; path = /System/Library/Frameworks/Cocoa.framework; sourceTree = "<absolute>"; };
		13E42FB307B3F0F600E4EEF1 /* CoreData.framework */ = {isa = PBXFileReference; lastKnownFileType = wrapper.framework; name = CoreData.framework; path = /System/Library/Frameworks/CoreData.framework; sourceTree = "<absolute>"; };
		29B97324FDCFA39411CA2CEA /* AppKit.framework */ = {isa = PBXFileReference; lastKnownFileType = wrapper.framework; name = AppKit.framework; path = /System/Library/Frameworks/AppKit.framework; sourceTree = "<absolute>"; };
		29B97325FDCFA39411CA2CEA /* Foundation.framework */ = {isa = PBXFileReference; lastKnownFileType = wrapper.framework; name = Foundation.framework; path = /System/Library/Frameworks/Foundation.framework; sourceTree = "<absolute>"; };
		32CA4F630368D1EE00C91783 /* EarthTrackball_Prefix.pch */ = {isa = PBXFileReference; fileEncoding = 4; lastKnownFileType = sourcecode.c.h; path = EarthTrackball_Prefix.pch; sourceTree = "<group>"; };
		5323E6B10EAFCA74003A9687 /* CoreVideo.framework */ = {isa = PBXFileReference; lastKnownFileType = wrapper.framework; name = CoreVideo.framework; path = /System/Library/Frameworks/CoreVideo.framework; sourceTree = "<absolute>"; };
		5323E6B50EAFCA7E003A9687 /* QTKit.framework */ = {isa = PBXFileReference; lastKnownFileType = wrapper.framework; name = QTKit.framework; path = /System/Library/Frameworks/QTKit.framework; sourceTree = "<absolute>"; };
		53E3CDFB0E86099300238D2B /* Carbon.framework */ = {isa = PBXFileReference; lastKnownFileType = wrapper.framework; name = Carbon.framework; path = /System/Library/Frameworks/Carbon.framework; sourceTree = "<absolute>"; };
		8D1107310486CEB800E47090 /* Info.plist */ = {isa = PBXFileReference; fileEncoding = 4; lastKnownFileType = text.plist.xml; path = Info.plist; sourceTree = "<group>"; };
		8D1107320486CEB800E47090 /* EarthTrackball.app */ = {isa = PBXFileReference; explicitFileType = wrapper.application; includeInIndex = 0; path = EarthTrackball.app; sourceTree = BUILT_PRODUCTS_DIR; };
		CE0886E915D0DF2900C86223 /* AppTouch.cpp */ = {isa = PBXFileReference; fileEncoding = 4; lastKnownFileType = sourcecode.cpp.cpp; path = AppTouch.cpp; sourceTree = "<group>"; };
		CE0886EA15D0DF2900C86223 /* Card.cpp */ = {isa = PBXFileReference; fileEncoding = 4; lastKnownFileType = sourcecode.cpp.cpp; path = Card.cpp; sourceTree = "<group>"; };
		CE0886EB15D0DF2900C86223 /* PivotRenderer.cpp */ = {isa = PBXFileReference; fileEncoding = 4; lastKnownFileType = sourcecode.cpp.cpp; path = PivotRenderer.cpp; sourceTree = "<group>"; };
		CE0886EC15D0DF2900C86223 /* TouchObject.cpp */ = {isa = PBXFileReference; fileEncoding = 4; lastKnownFileType = sourcecode.cpp.cpp; path = TouchObject.cpp; sourceTree = "<group>"; };
		CE0886ED15D0DF2900C86223 /* TouchPivot.cpp */ = {isa = PBXFileReference; fileEncoding = 4; lastKnownFileType = sourcecode.cpp.cpp; path = TouchPivot.cpp; sourceTree = "<group>"; };
		CE0886EE15D0DF2900C86223 /* Trackball.cpp */ = {isa = PBXFileReference; fileEncoding = 4; lastKnownFileType = sourcecode.cpp.cpp; path = Trackball.cpp; sourceTree = "<group>"; };
		CE0886EF15D0DF2900C86223 /* Trackball3D.cpp */ = {isa = PBXFileReference; fileEncoding = 4; lastKnownFileType = sourcecode.cpp.cpp; path = Trackball3D.cpp; sourceTree = "<group>"; };
		CE0886F715D0DF3100C86223 /* AppTouch.h */ = {isa = PBXFileReference; fileEncoding = 4; lastKnownFileType = sourcecode.c.h; name = AppTouch.h; path = ../include/AppTouch.h; sourceTree = "<group>"; };
		CE0886F815D0DF3100C86223 /* Card.h */ = {isa = PBXFileReference; fileEncoding = 4; lastKnownFileType = sourcecode.c.h; name = Card.h; path = ../include/Card.h; sourceTree = "<group>"; };
		CE0886F915D0DF3100C86223 /* CatchAll.h */ = {isa = PBXFileReference; fileEncoding = 4; lastKnownFileType = sourcecode.c.h; name = CatchAll.h; path = ../include/CatchAll.h; sourceTree = "<group>"; };
		CE0886FA15D0DF3100C86223 /* PivotRenderer.h */ = {isa = PBXFileReference; fileEncoding = 4; lastKnownFileType = sourcecode.c.h; name = PivotRenderer.h; path = ../include/PivotRenderer.h; sourceTree = "<group>"; };
		CE0886FB15D0DF3100C86223 /* TouchObject.h */ = {isa = PBXFileReference; fileEncoding = 4; lastKnownFileType = sourcecode.c.h; name = TouchObject.h; path = ../include/TouchObject.h; sourceTree = "<group>"; };
		CE0886FC15D0DF3100C86223 /* TouchPivot.h */ = {isa = PBXFileReference; fileEncoding = 4; lastKnownFileType = sourcecode.c.h; name = TouchPivot.h; path = ../include/TouchPivot.h; sourceTree = "<group>"; };
		CE0886FD15D0DF3100C86223 /* TouchPoint.h */ = {isa = PBXFileReference; fileEncoding = 4; lastKnownFileType = sourcecode.c.h; name = TouchPoint.h; path = ../include/TouchPoint.h; sourceTree = "<group>"; };
		CE0886FE15D0DF3100C86223 /* Trackball.h */ = {isa = PBXFileReference; fileEncoding = 4; lastKnownFileType = sourcecode.c.h; name = Trackball.h; path = ../include/Trackball.h; sourceTree = "<group>"; };
		CE0886FF15D0DF3100C86223 /* Trackball3D.h */ = {isa = PBXFileReference; fileEncoding = 4; lastKnownFileType = sourcecode.c.h; name = Trackball3D.h; path = ../include/Trackball3D.h; sourceTree = "<group>"; };
		CE2FF68A15BD04D4006F570F /* Earth.cpp */ = {isa = PBXFileReference; fileEncoding = 4; lastKnownFileType = sourcecode.cpp.cpp; name = Earth.cpp; path = ../src/Earth.cpp; sourceTree = "<group>"; };
		CE2FF68C15BD04D4006F570F /* POV.cpp */ = {isa = PBXFileReference; fileEncoding = 4; lastKnownFileType = sourcecode.cpp.cpp; name = POV.cpp; path = ../src/POV.cpp; sourceTree = "<group>"; };
		CE2FF68E15BD04D4006F570F /* Quake.cpp */ = {isa = PBXFileReference; fileEncoding = 4; lastKnownFileType = sourcecode.cpp.cpp; name = Quake.cpp; path = ../src/Quake.cpp; sourceTree = "<group>"; };
		CE2FF69815BD05E4006F570F /* Earth.h */ = {isa = PBXFileReference; fileEncoding = 4; lastKnownFileType = sourcecode.c.h; name = Earth.h; path = ../include/Earth.h; sourceTree = "<group>"; };
		CE2FF69915BD05E4006F570F /* POV.h */ = {isa = PBXFileReference; fileEncoding = 4; lastKnownFileType = sourcecode.c.h; name = POV.h; path = ../include/POV.h; sourceTree = "<group>"; };
		CE2FF69A15BD05E4006F570F /* Quake.h */ = {isa = PBXFileReference; fileEncoding = 4; lastKnownFileType = sourcecode.c.h; name = Quake.h; path = ../include/Quake.h; sourceTree = "<group>"; };
		CE2FF69B15BD05E4006F570F /* Resources.h */ = {isa = PBXFileReference; fileEncoding = 4; lastKnownFileType = sourcecode.c.h; name = Resources.h; path = ../include/Resources.h; sourceTree = "<group>"; };
		CE2FF6B415BD1904006F570F /* earth_frag.glsl */ = {isa = PBXFileReference; fileEncoding = 4; lastKnownFileType = text; name = earth_frag.glsl; path = ../resources/earth_frag.glsl; sourceTree = "<group>"; };
		CE2FF6B515BD1904006F570F /* earthDiffuse.png */ = {isa = PBXFileReference; lastKnownFileType = image.png; name = earthDiffuse.png; path = ../resources/earthDiffuse.png; sourceTree = "<group>"; };
		CE2FF6B615BD1904006F570F /* earthMask.png */ = {isa = PBXFileReference; lastKnownFileType = image.png; name = earthMask.png; path = ../resources/earthMask.png; sourceTree = "<group>"; };
		CE2FF6B715BD1904006F570F /* earthNormal.png */ = {isa = PBXFileReference; lastKnownFileType = image.png; name = earthNormal.png; path = ../resources/earthNormal.png; sourceTree = "<group>"; };
		CE2FF6B815BD1904006F570F /* passThru_vert.glsl */ = {isa = PBXFileReference; fileEncoding = 4; lastKnownFileType = text; name = passThru_vert.glsl; path = ../resources/passThru_vert.glsl; sourceTree = "<group>"; };
		CE2FF6B915BD1904006F570F /* quake_frag.glsl */ = {isa = PBXFileReference; fileEncoding = 4; lastKnownFileType = text; name = quake_frag.glsl; path = ../resources/quake_frag.glsl; sourceTree = "<group>"; };
		CE2FF6BA15BD1904006F570F /* quake_vert.glsl */ = {isa = PBXFileReference; fileEncoding = 4; lastKnownFileType = text; name = quake_vert.glsl; path = ../resources/quake_vert.glsl; sourceTree = "<group>"; };
		CE2FF6BC15BD1904006F570F /* stars.png */ = {isa = PBXFileReference; lastKnownFileType = image.png; name = stars.png; path = ../resources/stars.png; sourceTree = "<group>"; };
/* End PBXFileReference section */

/* Begin PBXFrameworksBuildPhase section */
		8D11072E0486CEB800E47090 /* Frameworks */ = {
			isa = PBXFrameworksBuildPhase;
			buildActionMask = 2147483647;
			files = (
				8D11072F0486CEB800E47090 /* Cocoa.framework in Frameworks */,
				0091D8F90E81B9330029341E /* OpenGL.framework in Frameworks */,
				53E3CDFC0E86099300238D2B /* Carbon.framework in Frameworks */,
				5323E6B20EAFCA74003A9687 /* CoreVideo.framework in Frameworks */,
				5323E6B60EAFCA7E003A9687 /* QTKit.framework in Frameworks */,
				0097E3E50F3E9819005A4392 /* QuickTime.framework in Frameworks */,
				00B784B30FF439BC000DE1D7 /* Accelerate.framework in Frameworks */,
				00B784B40FF439BC000DE1D7 /* AudioToolbox.framework in Frameworks */,
				00B784B50FF439BC000DE1D7 /* AudioUnit.framework in Frameworks */,
				00B784B60FF439BC000DE1D7 /* CoreAudio.framework in Frameworks */,
			);
			runOnlyForDeploymentPostprocessing = 0;
		};
/* End PBXFrameworksBuildPhase section */

/* Begin PBXGroup section */
		080E96DDFE201D6D7F000001 /* Source */ = {
			isa = PBXGroup;
			children = (
				00BAE6590E7ED9C10018A608 /* EarthTrackballApp.cpp */,
				CE2FF68A15BD04D4006F570F /* Earth.cpp */,
				CE2FF68C15BD04D4006F570F /* POV.cpp */,
				CE2FF68E15BD04D4006F570F /* Quake.cpp */,
			);
			name = Source;
			sourceTree = "<group>";
		};
		1058C7A0FEA54F0111CA2CBB /* Linked Frameworks */ = {
			isa = PBXGroup;
			children = (
				00B784AF0FF439BC000DE1D7 /* Accelerate.framework */,
				00B784B00FF439BC000DE1D7 /* AudioToolbox.framework */,
				00B784B10FF439BC000DE1D7 /* AudioUnit.framework */,
				00B784B20FF439BC000DE1D7 /* CoreAudio.framework */,
				0097E3E40F3E9819005A4392 /* QuickTime.framework */,
				5323E6B50EAFCA7E003A9687 /* QTKit.framework */,
				5323E6B10EAFCA74003A9687 /* CoreVideo.framework */,
				53E3CDFB0E86099300238D2B /* Carbon.framework */,
				0091D8F80E81B9330029341E /* OpenGL.framework */,
				1058C7A1FEA54F0111CA2CBB /* Cocoa.framework */,
			);
			name = "Linked Frameworks";
			sourceTree = "<group>";
		};
		1058C7A2FEA54F0111CA2CBB /* Other Frameworks */ = {
			isa = PBXGroup;
			children = (
				29B97324FDCFA39411CA2CEA /* AppKit.framework */,
				13E42FB307B3F0F600E4EEF1 /* CoreData.framework */,
				29B97325FDCFA39411CA2CEA /* Foundation.framework */,
			);
			name = "Other Frameworks";
			sourceTree = "<group>";
		};
		19C28FACFE9D520D11CA2CBB /* Products */ = {
			isa = PBXGroup;
			children = (
				8D1107320486CEB800E47090 /* EarthTrackball.app */,
			);
			name = Products;
			sourceTree = "<group>";
		};
		29B97314FDCFA39411CA2CEA /* EarthTrackball */ = {
			isa = PBXGroup;
			children = (
				CE2FF69C15BD10A6006F570F /* Cinder-Pivot */,
				29B97315FDCFA39411CA2CEA /* Headers */,
				080E96DDFE201D6D7F000001 /* Source */,
				29B97317FDCFA39411CA2CEA /* Resources */,
				29B97323FDCFA39411CA2CEA /* Frameworks */,
				19C28FACFE9D520D11CA2CBB /* Products */,
			);
			name = EarthTrackball;
			sourceTree = "<group>";
		};
		29B97315FDCFA39411CA2CEA /* Headers */ = {
			isa = PBXGroup;
			children = (
				32CA4F630368D1EE00C91783 /* EarthTrackball_Prefix.pch */,
				CE2FF69815BD05E4006F570F /* Earth.h */,
				CE2FF69915BD05E4006F570F /* POV.h */,
				CE2FF69A15BD05E4006F570F /* Quake.h */,
			);
			name = Headers;
			sourceTree = "<group>";
		};
		29B97317FDCFA39411CA2CEA /* Resources */ = {
			isa = PBXGroup;
			children = (
				8D1107310486CEB800E47090 /* Info.plist */,
				CE2FF69B15BD05E4006F570F /* Resources.h */,
				00CCAF14116A9FEE008396D5 /* CinderApp.icns */,
				CE2FF6B415BD1904006F570F /* earth_frag.glsl */,
				CE2FF6B515BD1904006F570F /* earthDiffuse.png */,
				CE2FF6B615BD1904006F570F /* earthMask.png */,
				CE2FF6B715BD1904006F570F /* earthNormal.png */,
				CE2FF6B815BD1904006F570F /* passThru_vert.glsl */,
				CE2FF6B915BD1904006F570F /* quake_frag.glsl */,
				CE2FF6BA15BD1904006F570F /* quake_vert.glsl */,
				CE2FF6BC15BD1904006F570F /* stars.png */,
			);
			name = Resources;
			sourceTree = "<group>";
		};
		29B97323FDCFA39411CA2CEA /* Frameworks */ = {
			isa = PBXGroup;
			children = (
				1058C7A0FEA54F0111CA2CBB /* Linked Frameworks */,
				1058C7A2FEA54F0111CA2CBB /* Other Frameworks */,
			);
			name = Frameworks;
			sourceTree = "<group>";
		};
		CE0886E715D0DE9E00C86223 /* Headers */ = {
			isa = PBXGroup;
			children = (
				CE0886F715D0DF3100C86223 /* AppTouch.h */,
				CE0886F815D0DF3100C86223 /* Card.h */,
				CE0886F915D0DF3100C86223 /* CatchAll.h */,
				CE0886FA15D0DF3100C86223 /* PivotRenderer.h */,
				CE0886FB15D0DF3100C86223 /* TouchObject.h */,
				CE0886FC15D0DF3100C86223 /* TouchPivot.h */,
				CE0886FD15D0DF3100C86223 /* TouchPoint.h */,
				CE0886FE15D0DF3100C86223 /* Trackball.h */,
				CE0886FF15D0DF3100C86223 /* Trackball3D.h */,
			);
			name = Headers;
			sourceTree = "<group>";
		};
		CE0886E815D0DEB400C86223 /* Source */ = {
			isa = PBXGroup;
			children = (
				CE0886E915D0DF2900C86223 /* AppTouch.cpp */,
				CE0886EA15D0DF2900C86223 /* Card.cpp */,
				CE0886EB15D0DF2900C86223 /* PivotRenderer.cpp */,
				CE0886EC15D0DF2900C86223 /* TouchObject.cpp */,
				CE0886ED15D0DF2900C86223 /* TouchPivot.cpp */,
				CE0886EE15D0DF2900C86223 /* Trackball.cpp */,
				CE0886EF15D0DF2900C86223 /* Trackball3D.cpp */,
			);
			name = Source;
			sourceTree = "<group>";
		};
		CE2FF69C15BD10A6006F570F /* Cinder-Pivot */ = {
			isa = PBXGroup;
			children = (
				CE0886E715D0DE9E00C86223 /* Headers */,
				CE0886E815D0DEB400C86223 /* Source */,
			);
			name = "Cinder-Pivot";
			path = ../../../src;
			sourceTree = "<group>";
		};
/* End PBXGroup section */

/* Begin PBXNativeTarget section */
		8D1107260486CEB800E47090 /* EarthTrackball */ = {
			isa = PBXNativeTarget;
			buildConfigurationList = C01FCF4A08A954540054247B /* Build configuration list for PBXNativeTarget "EarthTrackball" */;
			buildPhases = (
				8D1107290486CEB800E47090 /* Resources */,
				8D11072C0486CEB800E47090 /* Sources */,
				8D11072E0486CEB800E47090 /* Frameworks */,
			);
			buildRules = (
			);
			dependencies = (
			);
			name = EarthTrackball;
			productInstallPath = "$(HOME)/Applications";
			productName = EarthTrackball;
			productReference = 8D1107320486CEB800E47090 /* EarthTrackball.app */;
			productType = "com.apple.product-type.application";
		};
/* End PBXNativeTarget section */

/* Begin PBXProject section */
		29B97313FDCFA39411CA2CEA /* Project object */ = {
			isa = PBXProject;
			buildConfigurationList = C01FCF4E08A954540054247B /* Build configuration list for PBXProject "EarthTrackball" */;
			compatibilityVersion = "Xcode 3.2";
			developmentRegion = English;
			hasScannedForEncodings = 1;
			knownRegions = (
				en,
			);
			mainGroup = 29B97314FDCFA39411CA2CEA /* EarthTrackball */;
			projectDirPath = "";
			projectRoot = "";
			targets = (
				8D1107260486CEB800E47090 /* EarthTrackball */,
			);
		};
/* End PBXProject section */

/* Begin PBXResourcesBuildPhase section */
		8D1107290486CEB800E47090 /* Resources */ = {
			isa = PBXResourcesBuildPhase;
			buildActionMask = 2147483647;
			files = (
				00CCAF15116A9FEE008396D5 /* CinderApp.icns in Resources */,
				CE2FF6BD15BD1905006F570F /* earth_frag.glsl in Resources */,
				CE2FF6BE15BD1905006F570F /* earthDiffuse.png in Resources */,
				CE2FF6BF15BD1905006F570F /* earthMask.png in Resources */,
				CE2FF6C015BD1905006F570F /* earthNormal.png in Resources */,
				CE2FF6C115BD1905006F570F /* passThru_vert.glsl in Resources */,
				CE2FF6C215BD1905006F570F /* quake_frag.glsl in Resources */,
				CE2FF6C315BD1905006F570F /* quake_vert.glsl in Resources */,
				CE2FF6C515BD1905006F570F /* stars.png in Resources */,
			);
			runOnlyForDeploymentPostprocessing = 0;
		};
/* End PBXResourcesBuildPhase section */

/* Begin PBXSourcesBuildPhase section */
		8D11072C0486CEB800E47090 /* Sources */ = {
			isa = PBXSourcesBuildPhase;
			buildActionMask = 2147483647;
			files = (
				00BAE65A0E7ED9C10018A608 /* EarthTrackballApp.cpp in Sources */,
				CE2FF69015BD04D4006F570F /* Earth.cpp in Sources */,
				CE2FF69115BD04D4006F570F /* POV.cpp in Sources */,
				CE2FF69215BD04D4006F570F /* Quake.cpp in Sources */,
				CE0886F015D0DF2900C86223 /* AppTouch.cpp in Sources */,
				CE0886F115D0DF2900C86223 /* Card.cpp in Sources */,
				CE0886F215D0DF2900C86223 /* PivotRenderer.cpp in Sources */,
				CE0886F315D0DF2900C86223 /* TouchObject.cpp in Sources */,
				CE0886F415D0DF2900C86223 /* TouchPivot.cpp in Sources */,
				CE0886F515D0DF2900C86223 /* Trackball.cpp in Sources */,
				CE0886F615D0DF2900C86223 /* Trackball3D.cpp in Sources */,
			);
			runOnlyForDeploymentPostprocessing = 0;
		};
/* End PBXSourcesBuildPhase section */

/* Begin XCBuildConfiguration section */
		C01FCF4B08A954540054247B /* Debug */ = {
			isa = XCBuildConfiguration;
			buildSettings = {
				COPY_PHASE_STRIP = NO;
				GCC_DYNAMIC_NO_PIC = NO;
				GCC_INLINES_ARE_PRIVATE_EXTERN = NO;
				GCC_MODEL_TUNING = G5;
				GCC_OPTIMIZATION_LEVEL = 0;
				GCC_PRECOMPILE_PREFIX_HEADER = YES;
				GCC_PREFIX_HEADER = EarthTrackball_Prefix.pch;
				GCC_SYMBOLS_PRIVATE_EXTERN = NO;
				INFOPLIST_FILE = Info.plist;
				INSTALL_PATH = "$(HOME)/Applications";
				OTHER_LDFLAGS = "\"$(CINDER_PATH)/lib/libcinder_d.a\"";
				PRODUCT_NAME = EarthTrackball;
				USER_HEADER_SEARCH_PATHS = "../../../include ../../../src \"$(CINDER_PATH)/include\" ../include";
				WRAPPER_EXTENSION = app;
			};
			name = Debug;
		};
		C01FCF4C08A954540054247B /* Release */ = {
			isa = XCBuildConfiguration;
			buildSettings = {
				DEAD_CODE_STRIPPING = YES;
				DEBUG_INFORMATION_FORMAT = "dwarf-with-dsym";
				GCC_FAST_MATH = YES;
				GCC_GENERATE_DEBUGGING_SYMBOLS = NO;
				GCC_INLINES_ARE_PRIVATE_EXTERN = NO;
				GCC_MODEL_TUNING = G5;
				GCC_OPTIMIZATION_LEVEL = 3;
				GCC_PRECOMPILE_PREFIX_HEADER = YES;
				GCC_PREFIX_HEADER = EarthTrackball_Prefix.pch;
				GCC_SYMBOLS_PRIVATE_EXTERN = NO;
				INFOPLIST_FILE = Info.plist;
				INSTALL_PATH = "$(HOME)/Applications";
				OTHER_LDFLAGS = "\"$(CINDER_PATH)/lib/libcinder.a\"";
				PRODUCT_NAME = EarthTrackball;
				STRIP_INSTALLED_PRODUCT = YES;
				USER_HEADER_SEARCH_PATHS = "../../../include ../../../src \"$(CINDER_PATH)/include\" ../include";
				WRAPPER_EXTENSION = app;
			};
			name = Release;
		};
		C01FCF4F08A954540054247B /* Debug */ = {
			isa = XCBuildConfiguration;
			buildSettings = {
				ALWAYS_SEARCH_USER_PATHS = NO;
				ARCHS = i386;
				CINDER_PATH = ../../../../..;
				GCC_WARN_ABOUT_RETURN_TYPE = YES;
				GCC_WARN_UNUSED_VARIABLE = YES;
				HEADER_SEARCH_PATHS = "\"$(CINDER_PATH)/boost\"";
				MACOSX_DEPLOYMENT_TARGET = 10.5;
				SDKROOT = macosx10.6;
				USER_HEADER_SEARCH_PATHS = "../../../src \"$(CINDER_PATH)/include\" ../include";
			};
			name = Debug;
		};
		C01FCF5008A954540054247B /* Release */ = {
			isa = XCBuildConfiguration;
			buildSettings = {
				ALWAYS_SEARCH_USER_PATHS = NO;
				ARCHS = i386;
				CINDER_PATH = ../../../../..;
				GCC_WARN_ABOUT_RETURN_TYPE = YES;
				GCC_WARN_UNUSED_VARIABLE = YES;
				HEADER_SEARCH_PATHS = "\"$(CINDER_PATH)/boost\"";
				MACOSX_DEPLOYMENT_TARGET = 10.5;
				SDKROOT = macosx10.6;
				USER_HEADER_SEARCH_PATHS = "../../../src \"$(CINDER_PATH)/include\" ../include";
			};
			name = Release;
		};
/* End XCBuildConfiguration section */

/* Begin XCConfigurationList section */
		C01FCF4A08A954540054247B /* Build configuration list for PBXNativeTarget "EarthTrackball" */ = {
			isa = XCConfigurationList;
			buildConfigurations = (
				C01FCF4B08A954540054247B /* Debug */,
				C01FCF4C08A954540054247B /* Release */,
			);
			defaultConfigurationIsVisible = 0;
			defaultConfigurationName = Release;
		};
		C01FCF4E08A954540054247B /* Build configuration list for PBXProject "EarthTrackball" */ = {
			isa = XCConfigurationList;
			buildConfigurations = (
				C01FCF4F08A954540054247B /* Debug */,
				C01FCF5008A954540054247B /* Release */,
			);
			defaultConfigurationIsVisible = 0;
			defaultConfigurationName = Release;
		};
/* End XCConfigurationList section */
	};
	rootObject = 29B97313FDCFA39411CA2CEA /* Project object */;
}
